
Microsoft Visual Studio Solution File, Format Version 12.00
# Visual Studio Version 17
VisualStudioVersion = 17.1.32328.378
MinimumVisualStudioVersion = 10.0.40219.1
Project("{FAE04EC0-301F-11D3-BF4B-00C04F79EFBC}") = "MindboxTest", "MindboxTest.csproj", "{116E1F59-B824-48C3-9462-62D4969CF413}"
EndProject
Global
	GlobalSection(SolutionConfigurationPlatforms) = preSolution
		Debug|Any CPU = Debug|Any CPU
		Release|Any CPU = Release|Any CPU
	EndGlobalSection
	GlobalSection(ProjectConfigurationPlatforms) = postSolution
		{116E1F59-B824-48C3-9462-62D4969CF413}.Debug|Any CPU.ActiveCfg = Debug|Any CPU
		{116E1F59-B824-48C3-9462-62D4969CF413}.Debug|Any CPU.Build.0 = Debug|Any CPU
		{116E1F59-B824-48C3-9462-62D4969CF413}.Release|Any CPU.ActiveCfg = Release|Any CPU
		{116E1F59-B824-48C3-9462-62D4969CF413}.Release|Any CPU.Build.0 = Release|Any CPU
	EndGlobalSection
	GlobalSection(SolutionProperties) = preSolution
		HideSolutionNode = FALSE
	EndGlobalSection
	GlobalSection(ExtensibilityGlobals) = postSolution
		SolutionGuid = {17EE73AF-7600-48D0-B520-126831D04FBC}
	EndGlobalSection
EndGlobal
